
Microsoft Visual Studio Solution File, Format Version 12.00
# Visual Studio Version 17
VisualStudioVersion = 17.3.32811.315
MinimumVisualStudioVersion = 10.0.40219.1
Project("{FAE04EC0-301F-11D3-BF4B-00C04F79EFBC}") = "OtraDelBanco", "OtraDelBanco\OtraDelBanco.csproj", "{577ECD29-1A95-4886-B4C1-45F24EAB8E53}"
EndProject
Project("{2150E333-8FDC-42A3-9474-1A3956D46DE8}") = "Elementos de la solución", "Elementos de la solución", "{FDA19EB3-3282-463F-A604-071A15F4DAF2}"
EndProject
Global
	GlobalSection(SolutionConfigurationPlatforms) = preSolution
		Debug|Any CPU = Debug|Any CPU
		Release|Any CPU = Release|Any CPU
	EndGlobalSection
	GlobalSection(ProjectConfigurationPlatforms) = postSolution
		{577ECD29-1A95-4886-B4C1-45F24EAB8E53}.Debug|Any CPU.ActiveCfg = Debug|Any CPU
		{577ECD29-1A95-4886-B4C1-45F24EAB8E53}.Debug|Any CPU.Build.0 = Debug|Any CPU
		{577ECD29-1A95-4886-B4C1-45F24EAB8E53}.Release|Any CPU.ActiveCfg = Release|Any CPU
		{577ECD29-1A95-4886-B4C1-45F24EAB8E53}.Release|Any CPU.Build.0 = Release|Any CPU
	EndGlobalSection
	GlobalSection(SolutionProperties) = preSolution
		HideSolutionNode = FALSE
	EndGlobalSection
	GlobalSection(ExtensibilityGlobals) = postSolution
		SolutionGuid = {C4566F8E-0638-46BB-99F6-74386AFF27BE}
	EndGlobalSection
EndGlobal
